// !$*UTF8*$!
{
	archiveVersion = 1;
	classes = {
	};
	objectVersion = 50;
	objects = {

/* Begin PBXBuildFile section */
		B0FC3673248EB96E00F34184 /* AppDelegate.swift in Sources */ = {isa = PBXBuildFile; fileRef = B0FC3672248EB96E00F34184 /* AppDelegate.swift */; };
		B0FC3675248EB96E00F34184 /* SceneDelegate.swift in Sources */ = {isa = PBXBuildFile; fileRef = B0FC3674248EB96E00F34184 /* SceneDelegate.swift */; };
		B0FC3677248EB96E00F34184 /* ContentView.swift in Sources */ = {isa = PBXBuildFile; fileRef = B0FC3676248EB96E00F34184 /* ContentView.swift */; };
		B0FC3679248EB97100F34184 /* Assets.xcassets in Resources */ = {isa = PBXBuildFile; fileRef = B0FC3678248EB97100F34184 /* Assets.xcassets */; };
		B0FC367C248EB97100F34184 /* Preview Assets.xcassets in Resources */ = {isa = PBXBuildFile; fileRef = B0FC367B248EB97100F34184 /* Preview Assets.xcassets */; };
		B0FC367F248EB97100F34184 /* LaunchScreen.storyboard in Resources */ = {isa = PBXBuildFile; fileRef = B0FC367D248EB97100F34184 /* LaunchScreen.storyboard */; };
		B0FC3689248EBE4F00F34184 /* CameraController.swift in Sources */ = {isa = PBXBuildFile; fileRef = B0FC3688248EBE4F00F34184 /* CameraController.swift */; };
		B0FC368B248EC36800F34184 /* CameraViewController.swift in Sources */ = {isa = PBXBuildFile; fileRef = B0FC368A248EC36800F34184 /* CameraViewController.swift */; };
/* End PBXBuildFile section */

/* Begin PBXFileReference section */
		B0FC366F248EB96E00F34184 /* Vigilant.app */ = {isa = PBXFileReference; explicitFileType = wrapper.application; includeInIndex = 0; path = Vigilant.app; sourceTree = BUILT_PRODUCTS_DIR; };
		B0FC3672248EB96E00F34184 /* AppDelegate.swift */ = {isa = PBXFileReference; lastKnownFileType = sourcecode.swift; path = AppDelegate.swift; sourceTree = "<group>"; };
		B0FC3674248EB96E00F34184 /* SceneDelegate.swift */ = {isa = PBXFileReference; lastKnownFileType = sourcecode.swift; path = SceneDelegate.swift; sourceTree = "<group>"; };
		B0FC3676248EB96E00F34184 /* ContentView.swift */ = {isa = PBXFileReference; lastKnownFileType = sourcecode.swift; path = ContentView.swift; sourceTree = "<group>"; };
		B0FC3678248EB97100F34184 /* Assets.xcassets */ = {isa = PBXFileReference; lastKnownFileType = folder.assetcatalog; path = Assets.xcassets; sourceTree = "<group>"; };
		B0FC367B248EB97100F34184 /* Preview Assets.xcassets */ = {isa = PBXFileReference; lastKnownFileType = folder.assetcatalog; path = "Preview Assets.xcassets"; sourceTree = "<group>"; };
		B0FC367E248EB97100F34184 /* Base */ = {isa = PBXFileReference; lastKnownFileType = file.storyboard; name = Base; path = Base.lproj/LaunchScreen.storyboard; sourceTree = "<group>"; };
		B0FC3680248EB97100F34184 /* Info.plist */ = {isa = PBXFileReference; lastKnownFileType = text.plist.xml; path = Info.plist; sourceTree = "<group>"; };
		B0FC3688248EBE4F00F34184 /* CameraController.swift */ = {isa = PBXFileReference; lastKnownFileType = sourcecode.swift; path = CameraController.swift; sourceTree = "<group>"; };
		B0FC368A248EC36800F34184 /* CameraViewController.swift */ = {isa = PBXFileReference; lastKnownFileType = sourcecode.swift; path = CameraViewController.swift; sourceTree = "<group>"; };
/* End PBXFileReference section */

/* Begin PBXFrameworksBuildPhase section */
		B0FC366C248EB96E00F34184 /* Frameworks */ = {
			isa = PBXFrameworksBuildPhase;
			buildActionMask = 2147483647;
			files = (
			);
			runOnlyForDeploymentPostprocessing = 0;
		};
/* End PBXFrameworksBuildPhase section */

/* Begin PBXGroup section */
		B0FC3666248EB96E00F34184 = {
			isa = PBXGroup;
			children = (
				B0FC3671248EB96E00F34184 /* Vigilant */,
				B0FC3670248EB96E00F34184 /* Products */,
			);
			sourceTree = "<group>";
		};
		B0FC3670248EB96E00F34184 /* Products */ = {
			isa = PBXGroup;
			children = (
				B0FC366F248EB96E00F34184 /* Vigilant.app */,
			);
			name = Products;
			sourceTree = "<group>";
		};
		B0FC3671248EB96E00F34184 /* Vigilant */ = {
			isa = PBXGroup;
			children = (
				B0FC3672248EB96E00F34184 /* AppDelegate.swift */,
				B0FC3674248EB96E00F34184 /* SceneDelegate.swift */,
				B0FC3676248EB96E00F34184 /* ContentView.swift */,
				B0FC3678248EB97100F34184 /* Assets.xcassets */,
				B0FC367D248EB97100F34184 /* LaunchScreen.storyboard */,
				B0FC3680248EB97100F34184 /* Info.plist */,
				B0FC367A248EB97100F34184 /* Preview Content */,
				B0FC3688248EBE4F00F34184 /* CameraController.swift */,
				B0FC368A248EC36800F34184 /* CameraViewController.swift */,
			);
			path = Vigilant;
			sourceTree = "<group>";
		};
		B0FC367A248EB97100F34184 /* Preview Content */ = {
			isa = PBXGroup;
			children = (
				B0FC367B248EB97100F34184 /* Preview Assets.xcassets */,
			);
			path = "Preview Content";
			sourceTree = "<group>";
		};
/* End PBXGroup section */

/* Begin PBXNativeTarget section */
		B0FC366E248EB96E00F34184 /* Vigilant */ = {
			isa = PBXNativeTarget;
			buildConfigurationList = B0FC3683248EB97100F34184 /* Build configuration list for PBXNativeTarget "Vigilant" */;
			buildPhases = (
				B0FC366B248EB96E00F34184 /* Sources */,
				B0FC366C248EB96E00F34184 /* Frameworks */,
				B0FC366D248EB96E00F34184 /* Resources */,
			);
			buildRules = (
			);
			dependencies = (
			);
			name = Vigilant;
			productName = Vigilant;
			productReference = B0FC366F248EB96E00F34184 /* Vigilant.app */;
			productType = "com.apple.product-type.application";
		};
/* End PBXNativeTarget section */

/* Begin PBXProject section */
		B0FC3667248EB96E00F34184 /* Project object */ = {
			isa = PBXProject;
			attributes = {
				LastSwiftUpdateCheck = 1150;
				LastUpgradeCheck = 1150;
				ORGANIZATIONNAME = EYE;
				TargetAttributes = {
					B0FC366E248EB96E00F34184 = {
						CreatedOnToolsVersion = 11.5;
					};
				};
			};
			buildConfigurationList = B0FC366A248EB96E00F34184 /* Build configuration list for PBXProject "Vigilant" */;
			compatibilityVersion = "Xcode 9.3";
			developmentRegion = en;
			hasScannedForEncodings = 0;
			knownRegions = (
				en,
				Base,
			);
			mainGroup = B0FC3666248EB96E00F34184;
			productRefGroup = B0FC3670248EB96E00F34184 /* Products */;
			projectDirPath = "";
			projectRoot = "";
			targets = (
				B0FC366E248EB96E00F34184 /* Vigilant */,
			);
		};
/* End PBXProject section */

/* Begin PBXResourcesBuildPhase section */
		B0FC366D248EB96E00F34184 /* Resources */ = {
			isa = PBXResourcesBuildPhase;
			buildActionMask = 2147483647;
			files = (
				B0FC367F248EB97100F34184 /* LaunchScreen.storyboard in Resources */,
				B0FC367C248EB97100F34184 /* Preview Assets.xcassets in Resources */,
				B0FC3679248EB97100F34184 /* Assets.xcassets in Resources */,
			);
			runOnlyForDeploymentPostprocessing = 0;
		};
/* End PBXResourcesBuildPhase section */

/* Begin PBXSourcesBuildPhase section */
		B0FC366B248EB96E00F34184 /* Sources */ = {
			isa = PBXSourcesBuildPhase;
			buildActionMask = 2147483647;
			files = (
				B0FC3673248EB96E00F34184 /* AppDelegate.swift in Sources */,
				B0FC368B248EC36800F34184 /* CameraViewController.swift in Sources */,
				B0FC3675248EB96E00F34184 /* SceneDelegate.swift in Sources */,
				B0FC3689248EBE4F00F34184 /* CameraController.swift in Sources */,
				B0FC3677248EB96E00F34184 /* ContentView.swift in Sources */,
			);
			runOnlyForDeploymentPostprocessing = 0;
		};
/* End PBXSourcesBuildPhase section */

/* Begin PBXVariantGroup section */
		B0FC367D248EB97100F34184 /* LaunchScreen.storyboard */ = {
			isa = PBXVariantGroup;
			children = (
				B0FC367E248EB97100F34184 /* Base */,
			);
			name = LaunchScreen.storyboard;
			sourceTree = "<group>";
		};
/* End PBXVariantGroup section */

/* Begin XCBuildConfiguration section */
		B0FC3681248EB97100F34184 /* Debug */ = {
			isa = XCBuildConfiguration;
			buildSettings = {
				ALWAYS_SEARCH_USER_PATHS = NO;
				CLANG_ANALYZER_NONNULL = YES;
				CLANG_ANALYZER_NUMBER_OBJECT_CONVERSION = YES_AGGRESSIVE;
				CLANG_CXX_LANGUAGE_STANDARD = "gnu++14";
				CLANG_CXX_LIBRARY = "libc++";
				CLANG_ENABLE_MODULES = YES;
				CLANG_ENABLE_OBJC_ARC = YES;
				CLANG_ENABLE_OBJC_WEAK = YES;
				CLANG_WARN_BLOCK_CAPTURE_AUTORELEASING = YES;
				CLANG_WARN_BOOL_CONVERSION = YES;
				CLANG_WARN_COMMA = YES;
				CLANG_WARN_CONSTANT_CONVERSION = YES;
				CLANG_WARN_DEPRECATED_OBJC_IMPLEMENTATIONS = YES;
				CLANG_WARN_DIRECT_OBJC_ISA_USAGE = YES_ERROR;
				CLANG_WARN_DOCUMENTATION_COMMENTS = YES;
				CLANG_WARN_EMPTY_BODY = YES;
				CLANG_WARN_ENUM_CONVERSION = YES;
				CLANG_WARN_INFINITE_RECURSION = YES;
				CLANG_WARN_INT_CONVERSION = YES;
				CLANG_WARN_NON_LITERAL_NULL_CONVERSION = YES;
				CLANG_WARN_OBJC_IMPLICIT_RETAIN_SELF = YES;
				CLANG_WARN_OBJC_LITERAL_CONVERSION = YES;
				CLANG_WARN_OBJC_ROOT_CLASS = YES_ERROR;
				CLANG_WARN_RANGE_LOOP_ANALYSIS = YES;
				CLANG_WARN_STRICT_PROTOTYPES = YES;
				CLANG_WARN_SUSPICIOUS_MOVE = YES;
				CLANG_WARN_UNGUARDED_AVAILABILITY = YES_AGGRESSIVE;
				CLANG_WARN_UNREACHABLE_CODE = YES;
				CLANG_WARN__DUPLICATE_METHOD_MATCH = YES;
				COPY_PHASE_STRIP = NO;
				DEBUG_INFORMATION_FORMAT = dwarf;
				ENABLE_STRICT_OBJC_MSGSEND = YES;
				ENABLE_TESTABILITY = YES;
				GCC_C_LANGUAGE_STANDARD = gnu11;
				GCC_DYNAMIC_NO_PIC = NO;
				GCC_NO_COMMON_BLOCKS = YES;
				GCC_OPTIMIZATION_LEVEL = 0;
				GCC_PREPROCESSOR_DEFINITIONS = (
					"DEBUG=1",
					"$(inherited)",
				);
				GCC_WARN_64_TO_32_BIT_CONVERSION = YES;
				GCC_WARN_ABOUT_RETURN_TYPE = YES_ERROR;
				GCC_WARN_UNDECLARED_SELECTOR = YES;
				GCC_WARN_UNINITIALIZED_AUTOS = YES_AGGRESSIVE;
				GCC_WARN_UNUSED_FUNCTION = YES;
				GCC_WARN_UNUSED_VARIABLE = YES;
				IPHONEOS_DEPLOYMENT_TARGET = 13.5;
				MTL_ENABLE_DEBUG_INFO = INCLUDE_SOURCE;
				MTL_FAST_MATH = YES;
				ONLY_ACTIVE_ARCH = YES;
				SDKROOT = iphoneos;
				SWIFT_ACTIVE_COMPILATION_CONDITIONS = DEBUG;
				SWIFT_OPTIMIZATION_LEVEL = "-Onone";
			};
			name = Debug;
		};
		B0FC3682248EB97100F34184 /* Release */ = {
			isa = XCBuildConfiguration;
			buildSettings = {
				ALWAYS_SEARCH_USER_PATHS = NO;
				CLANG_ANALYZER_NONNULL = YES;
				CLANG_ANALYZER_NUMBER_OBJECT_CONVERSION = YES_AGGRESSIVE;
				CLANG_CXX_LANGUAGE_STANDARD = "gnu++14";
				CLANG_CXX_LIBRARY = "libc++";
				CLANG_ENABLE_MODULES = YES;
				CLANG_ENABLE_OBJC_ARC = YES;
				CLANG_ENABLE_OBJC_WEAK = YES;
				CLANG_WARN_BLOCK_CAPTURE_AUTORELEASING = YES;
				CLANG_WARN_BOOL_CONVERSION = YES;
				CLANG_WARN_COMMA = YES;
				CLANG_WARN_CONSTANT_CONVERSION = YES;
				CLANG_WARN_DEPRECATED_OBJC_IMPLEMENTATIONS = YES;
				CLANG_WARN_DIRECT_OBJC_ISA_USAGE = YES_ERROR;
				CLANG_WARN_DOCUMENTATION_COMMENTS = YES;
				CLANG_WARN_EMPTY_BODY = YES;
				CLANG_WARN_ENUM_CONVERSION = YES;
				CLANG_WARN_INFINITE_RECURSION = YES;
				CLANG_WARN_INT_CONVERSION = YES;
				CLANG_WARN_NON_LITERAL_NULL_CONVERSION = YES;
				CLANG_WARN_OBJC_IMPLICIT_RETAIN_SELF = YES;
				CLANG_WARN_OBJC_LITERAL_CONVERSION = YES;
				CLANG_WARN_OBJC_ROOT_CLASS = YES_ERROR;
				CLANG_WARN_RANGE_LOOP_ANALYSIS = YES;
				CLANG_WARN_STRICT_PROTOTYPES = YES;
				CLANG_WARN_SUSPICIOUS_MOVE = YES;
				CLANG_WARN_UNGUARDED_AVAILABILITY = YES_AGGRESSIVE;
				CLANG_WARN_UNREACHABLE_CODE = YES;
				CLANG_WARN__DUPLICATE_METHOD_MATCH = YES;
				COPY_PHASE_STRIP = NO;
				DEBUG_INFORMATION_FORMAT = "dwarf-with-dsym";
				ENABLE_NS_ASSERTIONS = NO;
				ENABLE_STRICT_OBJC_MSGSEND = YES;
				GCC_C_LANGUAGE_STANDARD = gnu11;
				GCC_NO_COMMON_BLOCKS = YES;
				GCC_WARN_64_TO_32_BIT_CONVERSION = YES;
				GCC_WARN_ABOUT_RETURN_TYPE = YES_ERROR;
				GCC_WARN_UNDECLARED_SELECTOR = YES;
				GCC_WARN_UNINITIALIZED_AUTOS = YES_AGGRESSIVE;
				GCC_WARN_UNUSED_FUNCTION = YES;
				GCC_WARN_UNUSED_VARIABLE = YES;
				IPHONEOS_DEPLOYMENT_TARGET = 13.5;
				MTL_ENABLE_DEBUG_INFO = NO;
				MTL_FAST_MATH = YES;
				SDKROOT = iphoneos;
				SWIFT_COMPILATION_MODE = wholemodule;
				SWIFT_OPTIMIZATION_LEVEL = "-O";
				VALIDATE_PRODUCT = YES;
			};
			name = Release;
		};
		B0FC3684248EB97100F34184 /* Debug */ = {
			isa = XCBuildConfiguration;
			buildSettings = {
				ASSETCATALOG_COMPILER_APPICON_NAME = AppIcon;
				CODE_SIGN_STYLE = Automatic;
				DEVELOPMENT_ASSET_PATHS = "\"Vigilant/Preview Content\"";
				DEVELOPMENT_TEAM = MB5V66C5BW;
				ENABLE_PREVIEWS = YES;
				INFOPLIST_FILE = Vigilant/Info.plist;
				LD_RUNPATH_SEARCH_PATHS = (
					"$(inherited)",
					"@executable_path/Frameworks",
				);
				PRODUCT_BUNDLE_IDENTIFIER = com.eye.Vigilant;
				PRODUCT_NAME = "$(TARGET_NAME)";
				SWIFT_VERSION = 5.0;
				TARGETED_DEVICE_FAMILY = "1,2";
			};
			name = Debug;
		};
		B0FC3685248EB97100F34184 /* Release */ = {
			isa = XCBuildConfiguration;
			buildSettings = {
				ASSETCATALOG_COMPILER_APPICON_NAME = AppIcon;
				CODE_SIGN_STYLE = Automatic;
				DEVELOPMENT_ASSET_PATHS = "\"Vigilant/Preview Content\"";
				DEVELOPMENT_TEAM = MB5V66C5BW;
				ENABLE_PREVIEWS = YES;
				INFOPLIST_FILE = Vigilant/Info.plist;
				LD_RUNPATH_SEARCH_PATHS = (
					"$(inherited)",
					"@executable_path/Frameworks",
				);
				PRODUCT_BUNDLE_IDENTIFIER = com.eye.Vigilant;
				PRODUCT_NAME = "$(TARGET_NAME)";
				SWIFT_VERSION = 5.0;
				TARGETED_DEVICE_FAMILY = "1,2";
			};
			name = Release;
		};
/* End XCBuildConfiguration section */

/* Begin XCConfigurationList section */
		B0FC366A248EB96E00F34184 /* Build configuration list for PBXProject "Vigilant" */ = {
			isa = XCConfigurationList;
			buildConfigurations = (
				B0FC3681248EB97100F34184 /* Debug */,
				B0FC3682248EB97100F34184 /* Release */,
			);
			defaultConfigurationIsVisible = 0;
			defaultConfigurationName = Release;
		};
		B0FC3683248EB97100F34184 /* Build configuration list for PBXNativeTarget "Vigilant" */ = {
			isa = XCConfigurationList;
			buildConfigurations = (
				B0FC3684248EB97100F34184 /* Debug */,
				B0FC3685248EB97100F34184 /* Release */,
			);
			defaultConfigurationIsVisible = 0;
			defaultConfigurationName = Release;
		};
/* End XCConfigurationList section */
	};
	rootObject = B0FC3667248EB96E00F34184 /* Project object */;
}
